{
  "name": "dashstack_website",
  "lockfileVersion": 3,
  "requires": true,
  "packages": {
    "": {
      "devDependencies": {
        "gulp-rev": "^12.0.0",
        "gulp-rev-rewrite": "^6.0.0"
      }
    },
    "node_modules/@types/expect": {
      "version": "1.20.4",
      "resolved": "https://registry.npmjs.org/@types/expect/-/expect-1.20.4.tgz",
      "integrity": "sha512-Q5Vn3yjTDyCMV50TB6VRIbQNxSE4OmZR86VSbGaNpfUolm0iePBB4KdEEHmxoY5sT2+2DIvXW0rvMDP2nHZ4Mg==",
      "dev": true,
      "license": "MIT"
    },
    "node_modules/@types/node": {
      "version": "25.2.2",
      "resolved": "https://registry.npmjs.org/@types/node/-/node-25.2.2.tgz",
      "integrity": "sha512-BkmoP5/FhRYek5izySdkOneRyXYN35I860MFAGupTdebyE66uZaR+bXLHq8k4DirE5DwQi3NuhvRU1jqTVwUrQ==",
      "dev": true,
      "license": "MIT",
      "dependencies": {
        "undici-types": "~7.16.0"
      }
    },
    "node_modules/@types/vinyl": {
      "version": "2.0.12",
      "resolved": "https://registry.npmjs.org/@types/vinyl/-/vinyl-2.0.12.tgz",
      "integrity": "sha512-Sr2fYMBUVGYq8kj3UthXFAu5UN6ZW+rYr4NACjZQJvHvj+c8lYv0CahmZ2P/r7iUkN44gGUBwqxZkrKXYPb7cw==",
      "dev": true,
      "license": "MIT",
      "dependencies": {
        "@types/expect": "^1.20.4",
        "@types/node": "*"
      }
    },
    "node_modules/ansi-colors": {
      "version": "1.1.0",
      "resolved": "https://registry.npmjs.org/ansi-colors/-/ansi-colors-1.1.0.tgz",
      "integrity": "sha512-SFKX67auSNoVR38N3L+nvsPjOE0bybKTYbkf5tRvushrAPQ9V75huw0ZxBkKVeRU9kqH3d6HA4xTckbwZ4ixmA==",
      "dev": true,
      "license": "MIT",
      "dependencies": {
        "ansi-wrap": "^0.1.0"
      },
      "engines": {
        "node": ">=0.10.0"
      }
    },
    "node_modules/ansi-wrap": {
      "version": "0.1.0",
      "resolved": "https://registry.npmjs.org/ansi-wrap/-/ansi-wrap-0.1.0.tgz",
      "integrity": "sha512-ZyznvL8k/FZeQHr2T6LzcJ/+vBApDnMNZvfVFy3At0knswWd6rJ3/0Hhmpu8oqa6C92npmozs890sX9Dl6q+Qw==",
      "dev": true,
      "license": "MIT",
      "engines": {
        "node": ">=0.10.0"
      }
    },
    "node_modules/b4a": {
      "version": "1.7.3",
      "resolved": "https://registry.npmjs.org/b4a/-/b4a-1.7.3.tgz",
      "integrity": "sha512-5Q2mfq2WfGuFp3uS//0s6baOJLMoVduPYVeNmDYxu5OUA1/cBfvr2RIS7vi62LdNj/urk1hfmj867I3qt6uZ7Q==",
      "dev": true,
      "license": "Apache-2.0",
      "peerDependencies": {
        "react-native-b4a": "*"
      },
      "peerDependenciesMeta": {
        "react-native-b4a": {
          "optional": true
        }
      }
    },
    "node_modules/bare-events": {
      "version": "2.8.2",
      "resolved": "https://registry.npmjs.org/bare-events/-/bare-events-2.8.2.tgz",
      "integrity": "sha512-riJjyv1/mHLIPX4RwiK+oW9/4c3TEUeORHKefKAKnZ5kyslbN+HXowtbaVEqt4IMUB7OXlfixcs6gsFeo/jhiQ==",
      "dev": true,
      "license": "Apache-2.0",
      "peerDependencies": {
        "bare-abort-controller": "*"
      },
      "peerDependenciesMeta": {
        "bare-abort-controller": {
          "optional": true
        }
      }
    },
    "node_modules/chalk": {
      "version": "5.6.2",
      "resolved": "https://registry.npmjs.org/chalk/-/chalk-5.6.2.tgz",
      "integrity": "sha512-7NzBL0rN6fMUW+f7A6Io4h40qQlG+xGmtMxfbnH/K7TAtt8JQWVQK+6g0UXKMeVJoyV5EkkNsErQ8pVD3bLHbA==",
      "dev": true,
      "license": "MIT",
      "engines": {
        "node": "^12.17.0 || ^14.13 || >=16.0.0"
      },
      "funding": {
        "url": "https://github.com/chalk/chalk?sponsor=1"
      }
    },
    "node_modules/clone": {
      "version": "2.1.2",
      "resolved": "https://registry.npmjs.org/clone/-/clone-2.1.2.tgz",
      "integrity": "sha512-3Pe/CF1Nn94hyhIYpjtiLhdCoEoz0DqQ+988E9gmeEdQZlojxnOb74wctFyuwWQHzqyf9X7C7MG8juUpqBJT8w==",
      "dev": true,
      "license": "MIT",
      "engines": {
        "node": ">=0.8"
      }
    },
    "node_modules/easy-transform-stream": {
      "version": "1.0.1",
      "resolved": "https://registry.npmjs.org/easy-transform-stream/-/easy-transform-stream-1.0.1.tgz",
      "integrity": "sha512-ktkaa6XR7COAR3oj02CF3IOgz2m1hCaY3SfzvKT4Svt2MhHw9XCt+ncJNWfe2TGz31iqzNGZ8spdKQflj+Rlog==",
      "dev": true,
      "license": "MIT",
      "engines": {
        "node": ">=14.16"
      },
      "funding": {
        "url": "https://github.com/sponsors/sindresorhus"
      }
    },
    "node_modules/escape-string-regexp": {
      "version": "5.0.0",
      "resolved": "https://registry.npmjs.org/escape-string-regexp/-/escape-string-regexp-5.0.0.tgz",
      "integrity": "sha512-/veY75JbMK4j1yjvuUxuVsiS/hr/4iHs9FTT6cgTexxdE0Ly/glccBAkloH/DofkjRbZU3bnoj38mOmhkZ0lHw==",
      "dev": true,
      "license": "MIT",
      "engines": {
        "node": ">=12"
      },
      "funding": {
        "url": "https://github.com/sponsors/sindresorhus"
      }
    },
    "node_modules/events-universal": {
      "version": "1.0.1",
      "resolved": "https://registry.npmjs.org/events-universal/-/events-universal-1.0.1.tgz",
      "integrity": "sha512-LUd5euvbMLpwOF8m6ivPCbhQeSiYVNb8Vs0fQ8QjXo0JTkEHpz8pxdQf0gStltaPpw0Cca8b39KxvK9cfKRiAw==",
      "dev": true,
      "license": "Apache-2.0",
      "dependencies": {
        "bare-events": "^2.7.0"
      }
    },
    "node_modules/fast-fifo": {
      "version": "1.3.2",
      "resolved": "https://registry.npmjs.org/fast-fifo/-/fast-fifo-1.3.2.tgz",
      "integrity": "sha512-/d9sfos4yxzpwkDkuN7k2SqFKtYNmCTzgfEpz82x34IM9/zc8KGxQoXg1liNC/izpRM/MBdt44Nmx41ZWqk+FQ==",
      "dev": true,
      "license": "MIT"
    },
    "node_modules/first-chunk-stream": {
      "version": "5.0.0",
      "resolved": "https://registry.npmjs.org/first-chunk-stream/-/first-chunk-stream-5.0.0.tgz",
      "integrity": "sha512-WdHo4ejd2cG2Dl+sLkW79SctU7mUQDfr4s1i26ffOZRs5mgv+BRttIM9gwcq0rDbemo0KlpVPaa3LBVLqPXzcQ==",
      "dev": true,
      "license": "MIT",
      "engines": {
        "node": "^12.20.0 || ^14.13.1 || >=16.0.0"
      },
      "funding": {
        "url": "https://github.com/sponsors/sindresorhus"
      }
    },
    "node_modules/gulp-plugin-extras": {
      "version": "1.1.0",
      "resolved": "https://registry.npmjs.org/gulp-plugin-extras/-/gulp-plugin-extras-1.1.0.tgz",
      "integrity": "sha512-T0AXOEVoKYzLIBlwEZ7LtAx2w4ExIozIoxVeYEVLFbdxI7i0sWvFDq0F8mm47djixDF3vAqDPoyGwh3Sg/PWtQ==",
      "dev": true,
      "license": "MIT",
      "dependencies": {
        "@types/vinyl": "^2.0.12",
        "chalk": "^5.3.0",
        "easy-transform-stream": "^1.0.1"
      },
      "engines": {
        "node": ">=18"
      },
      "funding": {
        "url": "https://github.com/sponsors/sindresorhus"
      }
    },
    "node_modules/gulp-rev": {
      "version": "12.0.0",
      "resolved": "https://registry.npmjs.org/gulp-rev/-/gulp-rev-12.0.0.tgz",
      "integrity": "sha512-MU3IASTTx+XZQrmz5WdhoflA2AIir815b/ItpRBFWkIP8kWSInU1IFRSvdX36AvIDRxR9izFqod/PXdjSw7tXw==",
      "dev": true,
      "license": "MIT",
      "dependencies": {
        "gulp-plugin-extras": "^1.1.0",
        "modify-filename": "^2.0.0",
        "rev-hash": "^4.1.0",
        "rev-path": "^3.0.0",
        "sort-keys": "^6.0.0",
        "vinyl": "^3.0.1",
        "vinyl-file": "^5.0.0"
      },
      "engines": {
        "node": ">=20"
      },
      "funding": {
        "url": "https://github.com/sponsors/sindresorhus"
      },
      "peerDependencies": {
        "gulp": ">=4"
      },
      "peerDependenciesMeta": {
        "gulp": {
          "optional": true
        }
      }
    },
    "node_modules/gulp-rev-rewrite": {
      "version": "6.0.0",
      "resolved": "https://registry.npmjs.org/gulp-rev-rewrite/-/gulp-rev-rewrite-6.0.0.tgz",
      "integrity": "sha512-SKefSq5FVw7VAzPr8ZBvVMH7s1M7GXHyNhPlP/3k1IkD7lObLbVK8/WCY632+zfHJkc6kMsPlz4TP9lEA++4wg==",
      "dev": true,
      "license": "MIT",
      "dependencies": {
        "escape-string-regexp": "^5.0.0",
        "plugin-error": "^2.0.0"
      },
      "engines": {
        "node": ">=18"
      }
    },
    "node_modules/is-plain-obj": {
      "version": "4.1.0",
      "resolved": "https://registry.npmjs.org/is-plain-obj/-/is-plain-obj-4.1.0.tgz",
      "integrity": "sha512-+Pgi+vMuUNkJyExiMBt5IlFoMyKnr5zhJ4Uspz58WOhBF5QoIZkFyNHIbBAtHwzVAgk5RtndVNsDRN61/mmDqg==",
      "dev": true,
      "license": "MIT",
      "engines": {
        "node": ">=12"
      },
      "funding": {
        "url": "https://github.com/sponsors/sindresorhus"
      }
    },
    "node_modules/is-utf8": {
      "version": "0.2.1",
      "resolved": "https://registry.npmjs.org/is-utf8/-/is-utf8-0.2.1.tgz",
      "integrity": "sha512-rMYPYvCzsXywIsldgLaSoPlw5PfoB/ssr7hY4pLfcodrA5M/eArza1a9VmTiNIBNMjOGr1Ow9mTyU2o69U6U9Q==",
      "dev": true,
      "license": "MIT"
    },
    "node_modules/modify-filename": {
      "version": "2.0.0",
      "resolved": "https://registry.npmjs.org/modify-filename/-/modify-filename-2.0.0.tgz",
      "integrity": "sha512-VX9/MdgUN9StpSLImJ0+AyV2dxJJtyojIwRHF/Ja942tW7FTzxXI186jDSTk4k5wj2+59a4bRzFnJUgMSi+ygg==",
      "dev": true,
      "license": "MIT",
      "engines": {
        "node": "^12.20.0 || ^14.13.1 || >=16.0.0"
      },
      "funding": {
        "url": "https://github.com/sponsors/sindresorhus"
      }
    },
    "node_modules/plugin-error": {
      "version": "2.0.1",
      "resolved": "https://registry.npmjs.org/plugin-error/-/plugin-error-2.0.1.tgz",
      "integrity": "sha512-zMakqvIDyY40xHOvzXka0kUvf40nYIuwRE8dWhti2WtjQZ31xAgBZBhxsK7vK3QbRXS1Xms/LO7B5cuAsfB2Gg==",
      "dev": true,
      "license": "MIT",
      "dependencies": {
        "ansi-colors": "^1.0.1"
      },
      "engines": {
        "node": ">=10.13.0"
      }
    },
    "node_modules/remove-trailing-separator": {
      "version": "1.1.0",
      "resolved": "https://registry.npmjs.org/remove-trailing-separator/-/remove-trailing-separator-1.1.0.tgz",
      "integrity": "sha512-/hS+Y0u3aOfIETiaiirUFwDBDzmXPvO+jAfKTitUngIPzdKc6Z0LoFjM/CK5PL4C+eKwHohlHAb6H0VFfmmUsw==",
      "dev": true,
      "license": "ISC"
    },
    "node_modules/replace-ext": {
      "version": "2.0.0",
      "resolved": "https://registry.npmjs.org/replace-ext/-/replace-ext-2.0.0.tgz",
      "integrity": "sha512-UszKE5KVK6JvyD92nzMn9cDapSk6w/CaFZ96CnmDMUqH9oowfxF/ZjRITD25H4DnOQClLA4/j7jLGXXLVKxAug==",
      "dev": true,
      "license": "MIT",
      "engines": {
        "node": ">= 10"
      }
    },
    "node_modules/rev-hash": {
      "version": "4.1.0",
      "resolved": "https://registry.npmjs.org/rev-hash/-/rev-hash-4.1.0.tgz",
      "integrity": "sha512-e0EGnaveLY2IYpYwHNdh43WZ2M84KgW3Z/T4F6+Z/BlZI/T1ZbxTWj36xgYgUPOieGXYo2q225jTeUXn+LWYjw==",
      "dev": true,
      "license": "MIT",
      "engines": {
        "node": "^12.20.0 || ^14.13.1 || >=16.0.0"
      },
      "funding": {
        "url": "https://github.com/sponsors/sindresorhus"
      }
    },
    "node_modules/rev-path": {
      "version": "3.0.0",
      "resolved": "https://registry.npmjs.org/rev-path/-/rev-path-3.0.0.tgz",
      "integrity": "sha512-2fUuv6IC7Z+Vj+DXEunJYJDZuwSsaJJHeLar3n2PGvHSH7j5+Xpd/Xh7PenekH4WQhxFuHtsGwd1dCh/HvT6Gw==",
      "dev": true,
      "license": "MIT",
      "dependencies": {
        "modify-filename": "^2.0.0"
      },
      "engines": {
        "node": "^12.20.0 || ^14.13.1 || >=16.0.0"
      },
      "funding": {
        "url": "https://github.com/sponsors/sindresorhus"
      }
    },
    "node_modules/sort-keys": {
      "version": "6.0.0",
      "resolved": "https://registry.npmjs.org/sort-keys/-/sort-keys-6.0.0.tgz",
      "integrity": "sha512-ueSlHJMwpIw42CJ4B11Uxzh/S0p0AlOyiNktlv2KOu5e1JpUE6DlC4AAUjXqesHdBRv/g0wC9Q4vwq0NP2pA9w==",
      "dev": true,
      "license": "MIT",
      "dependencies": {
        "is-plain-obj": "^4.1.0"
      },
      "engines": {
        "node": ">=20"
      },
      "funding": {
        "url": "https://github.com/sponsors/sindresorhus"
      }
    },
    "node_modules/streamx": {
      "version": "2.23.0",
      "resolved": "https://registry.npmjs.org/streamx/-/streamx-2.23.0.tgz",
      "integrity": "sha512-kn+e44esVfn2Fa/O0CPFcex27fjIL6MkVae0Mm6q+E6f0hWv578YCERbv+4m02cjxvDsPKLnmxral/rR6lBMAg==",
      "dev": true,
      "license": "MIT",
      "dependencies": {
        "events-universal": "^1.0.0",
        "fast-fifo": "^1.3.2",
        "text-decoder": "^1.1.0"
      }
    },
    "node_modules/strip-bom-buf": {
      "version": "3.0.1",
      "resolved": "https://registry.npmjs.org/strip-bom-buf/-/strip-bom-buf-3.0.1.tgz",
      "integrity": "sha512-iJaWw2WroigLHzQysdc5WWeUc99p7ea7AEgB6JkY8CMyiO1yTVAA1gIlJJgORElUIR+lcZJkNl1OGChMhvc2Cw==",
      "dev": true,
      "license": "MIT",
      "dependencies": {
        "is-utf8": "^0.2.1"
      },
      "engines": {
        "node": "^12.20.0 || ^14.13.1 || >=16.0.0"
      },
      "funding": {
        "url": "https://github.com/sponsors/sindresorhus"
      }
    },
    "node_modules/strip-bom-stream": {
      "version": "5.0.0",
      "resolved": "https://registry.npmjs.org/strip-bom-stream/-/strip-bom-stream-5.0.0.tgz",
      "integrity": "sha512-Yo472mU+3smhzqeKlIxClre4s4pwtYZEvDNQvY/sJpnChdaxmKuwU28UVx/v1ORKNMxkmj1GBuvxJQyBk6wYMQ==",
      "dev": true,
      "license": "MIT",
      "dependencies": {
        "first-chunk-stream": "^5.0.0",
        "strip-bom-buf": "^3.0.0"
      },
      "engines": {
        "node": "^12.20.0 || ^14.13.1 || >=16.0.0"
      },
      "funding": {
        "url": "https://github.com/sponsors/sindresorhus"
      }
    },
    "node_modules/teex": {
      "version": "1.0.1",
      "resolved": "https://registry.npmjs.org/teex/-/teex-1.0.1.tgz",
      "integrity": "sha512-eYE6iEI62Ni1H8oIa7KlDU6uQBtqr4Eajni3wX7rpfXD8ysFx8z0+dri+KWEPWpBsxXfxu58x/0jvTVT1ekOSg==",
      "dev": true,
      "license": "MIT",
      "dependencies": {
        "streamx": "^2.12.5"
      }
    },
    "node_modules/text-decoder": {
      "version": "1.2.3",
      "resolved": "https://registry.npmjs.org/text-decoder/-/text-decoder-1.2.3.tgz",
      "integrity": "sha512-3/o9z3X0X0fTupwsYvR03pJ/DjWuqqrfwBgTQzdWDiQSm9KitAyz/9WqsT2JQW7KV2m+bC2ol/zqpW37NHxLaA==",
      "dev": true,
      "license": "Apache-2.0",
      "dependencies": {
        "b4a": "^1.6.4"
      }
    },
    "node_modules/undici-types": {
      "version": "7.16.0",
      "resolved": "https://registry.npmjs.org/undici-types/-/undici-types-7.16.0.tgz",
      "integrity": "sha512-Zz+aZWSj8LE6zoxD+xrjh4VfkIG8Ya6LvYkZqtUQGJPZjYl53ypCaUwWqo7eI0x66KBGeRo+mlBEkMSeSZ38Nw==",
      "dev": true,
      "license": "MIT"
    },
    "node_modules/vinyl": {
      "version": "3.0.1",
      "resolved": "https://registry.npmjs.org/vinyl/-/vinyl-3.0.1.tgz",
      "integrity": "sha512-0QwqXteBNXgnLCdWdvPQBX6FXRHtIH3VhJPTd5Lwn28tJXc34YqSCWUmkOvtJHBmB3gGoPtrOKk3Ts8/kEZ9aA==",
      "dev": true,
      "license": "MIT",
      "dependencies": {
        "clone": "^2.1.2",
        "remove-trailing-separator": "^1.1.0",
        "replace-ext": "^2.0.0",
        "teex": "^1.0.1"
      },
      "engines": {
        "node": ">=10.13.0"
      }
    },
    "node_modules/vinyl-file": {
      "version": "5.0.0",
      "resolved": "https://registry.npmjs.org/vinyl-file/-/vinyl-file-5.0.0.tgz",
      "integrity": "sha512-MvkPF/yA1EX7c6p+juVIvp9+Lxp70YUfNKzEWeHMKpUNVSnTZh2coaOqLxI0pmOe2V9nB+OkgFaMDkodaJUyGw==",
      "dev": true,
      "license": "MIT",
      "dependencies": {
        "@types/vinyl": "^2.0.7",
        "strip-bom-buf": "^3.0.1",
        "strip-bom-stream": "^5.0.0",
        "vinyl": "^3.0.0"
      },
      "engines": {
        "node": ">=14.16"
      },
      "funding": {
        "url": "https://github.com/sponsors/sindresorhus"
      }
    }
  }
}
